// !$*UTF8*$!
{
	archiveVersion = 1;
	classes = {
	};
	objectVersion = 46;
	objects = {

/* Begin PBXBuildFile section */
		601C723618A6C3BB00F817A0 /* Foundation.framework in Frameworks */ = {isa = PBXBuildFile; fileRef = 601C723518A6C3BB00F817A0 /* Foundation.framework */; };
		601C723818A6C3BB00F817A0 /* CoreGraphics.framework in Frameworks */ = {isa = PBXBuildFile; fileRef = 601C723718A6C3BB00F817A0 /* CoreGraphics.framework */; };
		601C723A18A6C3BB00F817A0 /* UIKit.framework in Frameworks */ = {isa = PBXBuildFile; fileRef = 601C723918A6C3BB00F817A0 /* UIKit.framework */; };
		601C724018A6C3BB00F817A0 /* InfoPlist.strings in Resources */ = {isa = PBXBuildFile; fileRef = 601C723E18A6C3BB00F817A0 /* InfoPlist.strings */; };
		601C724218A6C3BB00F817A0 /* main.m in Sources */ = {isa = PBXBuildFile; fileRef = 601C724118A6C3BB00F817A0 /* main.m */; };
		601C724618A6C3BB00F817A0 /* JRTAppDelegate.m in Sources */ = {isa = PBXBuildFile; fileRef = 601C724518A6C3BB00F817A0 /* JRTAppDelegate.m */; };
		601C724918A6C3BB00F817A0 /* Main.storyboard in Resources */ = {isa = PBXBuildFile; fileRef = 601C724718A6C3BB00F817A0 /* Main.storyboard */; };
		601C724C18A6C3BB00F817A0 /* JRTMasterViewController.m in Sources */ = {isa = PBXBuildFile; fileRef = 601C724B18A6C3BB00F817A0 /* JRTMasterViewController.m */; };
		601C724F18A6C3BB00F817A0 /* JRTDetailViewController.m in Sources */ = {isa = PBXBuildFile; fileRef = 601C724E18A6C3BB00F817A0 /* JRTDetailViewController.m */; };
		601C725118A6C3BB00F817A0 /* Images.xcassets in Resources */ = {isa = PBXBuildFile; fileRef = 601C725018A6C3BB00F817A0 /* Images.xcassets */; };
		601C725818A6C3BB00F817A0 /* XCTest.framework in Frameworks */ = {isa = PBXBuildFile; fileRef = 601C725718A6C3BB00F817A0 /* XCTest.framework */; };
		601C725918A6C3BB00F817A0 /* Foundation.framework in Frameworks */ = {isa = PBXBuildFile; fileRef = 601C723518A6C3BB00F817A0 /* Foundation.framework */; };
		601C725A18A6C3BB00F817A0 /* UIKit.framework in Frameworks */ = {isa = PBXBuildFile; fileRef = 601C723918A6C3BB00F817A0 /* UIKit.framework */; };
		601C726218A6C3BB00F817A0 /* InfoPlist.strings in Resources */ = {isa = PBXBuildFile; fileRef = 601C726018A6C3BB00F817A0 /* InfoPlist.strings */; };
		601C726418A6C3BB00F817A0 /* TransitionExampleTests.m in Sources */ = {isa = PBXBuildFile; fileRef = 601C726318A6C3BB00F817A0 /* TransitionExampleTests.m */; };
		601C726F18A6C42F00F817A0 /* JRTMasterCell.m in Sources */ = {isa = PBXBuildFile; fileRef = 601C726E18A6C42F00F817A0 /* JRTMasterCell.m */; };
		601C727218A6C7C800F817A0 /* JRTAnimationController.m in Sources */ = {isa = PBXBuildFile; fileRef = 601C727118A6C7C800F817A0 /* JRTAnimationController.m */; };
/* End PBXBuildFile section */

/* Begin PBXContainerItemProxy section */
		601C725B18A6C3BB00F817A0 /* PBXContainerItemProxy */ = {
			isa = PBXContainerItemProxy;
			containerPortal = 601C722A18A6C3BB00F817A0 /* Project object */;
			proxyType = 1;
			remoteGlobalIDString = 601C723118A6C3BB00F817A0;
			remoteInfo = TransitionExample;
		};
/* End PBXContainerItemProxy section */

/* Begin PBXFileReference section */
		601C723218A6C3BB00F817A0 /* TransitionExample.app */ = {isa = PBXFileReference; explicitFileType = wrapper.application; includeInIndex = 0; path = TransitionExample.app; sourceTree = BUILT_PRODUCTS_DIR; };
		601C723518A6C3BB00F817A0 /* Foundation.framework */ = {isa = PBXFileReference; lastKnownFileType = wrapper.framework; name = Foundation.framework; path = System/Library/Frameworks/Foundation.framework; sourceTree = SDKROOT; };
		601C723718A6C3BB00F817A0 /* CoreGraphics.framework */ = {isa = PBXFileReference; lastKnownFileType = wrapper.framework; name = CoreGraphics.framework; path = System/Library/Frameworks/CoreGraphics.framework; sourceTree = SDKROOT; };
		601C723918A6C3BB00F817A0 /* UIKit.framework */ = {isa = PBXFileReference; lastKnownFileType = wrapper.framework; name = UIKit.framework; path = System/Library/Frameworks/UIKit.framework; sourceTree = SDKROOT; };
		601C723D18A6C3BB00F817A0 /* TransitionExample-Info.plist */ = {isa = PBXFileReference; lastKnownFileType = text.plist.xml; path = "TransitionExample-Info.plist"; sourceTree = "<group>"; };
		601C723F18A6C3BB00F817A0 /* en */ = {isa = PBXFileReference; lastKnownFileType = text.plist.strings; name = en; path = en.lproj/InfoPlist.strings; sourceTree = "<group>"; };
		601C724118A6C3BB00F817A0 /* main.m */ = {isa = PBXFileReference; lastKnownFileType = sourcecode.c.objc; path = main.m; sourceTree = "<group>"; };
		601C724318A6C3BB00F817A0 /* TransitionExample-Prefix.pch */ = {isa = PBXFileReference; lastKnownFileType = sourcecode.c.h; path = "TransitionExample-Prefix.pch"; sourceTree = "<group>"; };
		601C724418A6C3BB00F817A0 /* JRTAppDelegate.h */ = {isa = PBXFileReference; lastKnownFileType = sourcecode.c.h; path = JRTAppDelegate.h; sourceTree = "<group>"; };
		601C724518A6C3BB00F817A0 /* JRTAppDelegate.m */ = {isa = PBXFileReference; lastKnownFileType = sourcecode.c.objc; path = JRTAppDelegate.m; sourceTree = "<group>"; };
		601C724818A6C3BB00F817A0 /* Base */ = {isa = PBXFileReference; lastKnownFileType = file.storyboard; name = Base; path = Base.lproj/Main.storyboard; sourceTree = "<group>"; };
		601C724A18A6C3BB00F817A0 /* JRTMasterViewController.h */ = {isa = PBXFileReference; lastKnownFileType = sourcecode.c.h; path = JRTMasterViewController.h; sourceTree = "<group>"; };
		601C724B18A6C3BB00F817A0 /* JRTMasterViewController.m */ = {isa = PBXFileReference; lastKnownFileType = sourcecode.c.objc; path = JRTMasterViewController.m; sourceTree = "<group>"; };
		601C724D18A6C3BB00F817A0 /* JRTDetailViewController.h */ = {isa = PBXFileReference; lastKnownFileType = sourcecode.c.h; path = JRTDetailViewController.h; sourceTree = "<group>"; };
		601C724E18A6C3BB00F817A0 /* JRTDetailViewController.m */ = {isa = PBXFileReference; lastKnownFileType = sourcecode.c.objc; path = JRTDetailViewController.m; sourceTree = "<group>"; };
		601C725018A6C3BB00F817A0 /* Images.xcassets */ = {isa = PBXFileReference; lastKnownFileType = folder.assetcatalog; path = Images.xcassets; sourceTree = "<group>"; };
		601C725618A6C3BB00F817A0 /* TransitionExampleTests.xctest */ = {isa = PBXFileReference; explicitFileType = wrapper.cfbundle; includeInIndex = 0; path = TransitionExampleTests.xctest; sourceTree = BUILT_PRODUCTS_DIR; };
		601C725718A6C3BB00F817A0 /* XCTest.framework */ = {isa = PBXFileReference; lastKnownFileType = wrapper.framework; name = XCTest.framework; path = Library/Frameworks/XCTest.framework; sourceTree = DEVELOPER_DIR; };
		601C725F18A6C3BB00F817A0 /* TransitionExampleTests-Info.plist */ = {isa = PBXFileReference; lastKnownFileType = text.plist.xml; path = "TransitionExampleTests-Info.plist"; sourceTree = "<group>"; };
		601C726118A6C3BB00F817A0 /* en */ = {isa = PBXFileReference; lastKnownFileType = text.plist.strings; name = en; path = en.lproj/InfoPlist.strings; sourceTree = "<group>"; };
		601C726318A6C3BB00F817A0 /* TransitionExampleTests.m */ = {isa = PBXFileReference; lastKnownFileType = sourcecode.c.objc; path = TransitionExampleTests.m; sourceTree = "<group>"; };
		601C726D18A6C42F00F817A0 /* JRTMasterCell.h */ = {isa = PBXFileReference; fileEncoding = 4; lastKnownFileType = sourcecode.c.h; path = JRTMasterCell.h; sourceTree = "<group>"; };
		601C726E18A6C42F00F817A0 /* JRTMasterCell.m */ = {isa = PBXFileReference; fileEncoding = 4; lastKnownFileType = sourcecode.c.objc; path = JRTMasterCell.m; sourceTree = "<group>"; };
		601C727018A6C7C800F817A0 /* JRTAnimationController.h */ = {isa = PBXFileReference; fileEncoding = 4; lastKnownFileType = sourcecode.c.h; path = JRTAnimationController.h; sourceTree = "<group>"; };
		601C727118A6C7C800F817A0 /* JRTAnimationController.m */ = {isa = PBXFileReference; fileEncoding = 4; lastKnownFileType = sourcecode.c.objc; path = JRTAnimationController.m; sourceTree = "<group>"; };
/* End PBXFileReference section */

/* Begin PBXFrameworksBuildPhase section */
		601C722F18A6C3BB00F817A0 /* Frameworks */ = {
			isa = PBXFrameworksBuildPhase;
			buildActionMask = 2147483647;
			files = (
				601C723818A6C3BB00F817A0 /* CoreGraphics.framework in Frameworks */,
				601C723A18A6C3BB00F817A0 /* UIKit.framework in Frameworks */,
				601C723618A6C3BB00F817A0 /* Foundation.framework in Frameworks */,
			);
			runOnlyForDeploymentPostprocessing = 0;
		};
		601C725318A6C3BB00F817A0 /* Frameworks */ = {
			isa = PBXFrameworksBuildPhase;
			buildActionMask = 2147483647;
			files = (
				601C725818A6C3BB00F817A0 /* XCTest.framework in Frameworks */,
				601C725A18A6C3BB00F817A0 /* UIKit.framework in Frameworks */,
				601C725918A6C3BB00F817A0 /* Foundation.framework in Frameworks */,
			);
			runOnlyForDeploymentPostprocessing = 0;
		};
/* End PBXFrameworksBuildPhase section */

/* Begin PBXGroup section */
		601C722918A6C3BB00F817A0 = {
			isa = PBXGroup;
			children = (
				601C723B18A6C3BB00F817A0 /* TransitionExample */,
				601C725D18A6C3BB00F817A0 /* TransitionExampleTests */,
				601C723418A6C3BB00F817A0 /* Frameworks */,
				601C723318A6C3BB00F817A0 /* Products */,
			);
			sourceTree = "<group>";
		};
		601C723318A6C3BB00F817A0 /* Products */ = {
			isa = PBXGroup;
			children = (
				601C723218A6C3BB00F817A0 /* TransitionExample.app */,
				601C725618A6C3BB00F817A0 /* TransitionExampleTests.xctest */,
			);
			name = Products;
			sourceTree = "<group>";
		};
		601C723418A6C3BB00F817A0 /* Frameworks */ = {
			isa = PBXGroup;
			children = (
				601C723518A6C3BB00F817A0 /* Foundation.framework */,
				601C723718A6C3BB00F817A0 /* CoreGraphics.framework */,
				601C723918A6C3BB00F817A0 /* UIKit.framework */,
				601C725718A6C3BB00F817A0 /* XCTest.framework */,
			);
			name = Frameworks;
			sourceTree = "<group>";
		};
		601C723B18A6C3BB00F817A0 /* TransitionExample */ = {
			isa = PBXGroup;
			children = (
				601C724418A6C3BB00F817A0 /* JRTAppDelegate.h */,
				601C724518A6C3BB00F817A0 /* JRTAppDelegate.m */,
				601C724718A6C3BB00F817A0 /* Main.storyboard */,
				601C724A18A6C3BB00F817A0 /* JRTMasterViewController.h */,
				601C724B18A6C3BB00F817A0 /* JRTMasterViewController.m */,
				601C724D18A6C3BB00F817A0 /* JRTDetailViewController.h */,
				601C724E18A6C3BB00F817A0 /* JRTDetailViewController.m */,
				601C725018A6C3BB00F817A0 /* Images.xcassets */,
				601C723C18A6C3BB00F817A0 /* Supporting Files */,
				601C726D18A6C42F00F817A0 /* JRTMasterCell.h */,
				601C726E18A6C42F00F817A0 /* JRTMasterCell.m */,
				601C727018A6C7C800F817A0 /* JRTAnimationController.h */,
				601C727118A6C7C800F817A0 /* JRTAnimationController.m */,
			);
			path = TransitionExample;
			sourceTree = "<group>";
		};
		601C723C18A6C3BB00F817A0 /* Supporting Files */ = {
			isa = PBXGroup;
			children = (
				601C723D18A6C3BB00F817A0 /* TransitionExample-Info.plist */,
				601C723E18A6C3BB00F817A0 /* InfoPlist.strings */,
				601C724118A6C3BB00F817A0 /* main.m */,
				601C724318A6C3BB00F817A0 /* TransitionExample-Prefix.pch */,
			);
			name = "Supporting Files";
			sourceTree = "<group>";
		};
		601C725D18A6C3BB00F817A0 /* TransitionExampleTests */ = {
			isa = PBXGroup;
			children = (
				601C726318A6C3BB00F817A0 /* TransitionExampleTests.m */,
				601C725E18A6C3BB00F817A0 /* Supporting Files */,
			);
			path = TransitionExampleTests;
			sourceTree = "<group>";
		};
		601C725E18A6C3BB00F817A0 /* Supporting Files */ = {
			isa = PBXGroup;
			children = (
				601C725F18A6C3BB00F817A0 /* TransitionExampleTests-Info.plist */,
				601C726018A6C3BB00F817A0 /* InfoPlist.strings */,
			);
			name = "Supporting Files";
			sourceTree = "<group>";
		};
/* End PBXGroup section */

/* Begin PBXNativeTarget section */
		601C723118A6C3BB00F817A0 /* TransitionExample */ = {
			isa = PBXNativeTarget;
			buildConfigurationList = 601C726718A6C3BC00F817A0 /* Build configuration list for PBXNativeTarget "TransitionExample" */;
			buildPhases = (
				601C722E18A6C3BB00F817A0 /* Sources */,
				601C722F18A6C3BB00F817A0 /* Frameworks */,
				601C723018A6C3BB00F817A0 /* Resources */,
			);
			buildRules = (
			);
			dependencies = (
			);
			name = TransitionExample;
			productName = TransitionExample;
			productReference = 601C723218A6C3BB00F817A0 /* TransitionExample.app */;
			productType = "com.apple.product-type.application";
		};
		601C725518A6C3BB00F817A0 /* TransitionExampleTests */ = {
			isa = PBXNativeTarget;
			buildConfigurationList = 601C726A18A6C3BC00F817A0 /* Build configuration list for PBXNativeTarget "TransitionExampleTests" */;
			buildPhases = (
				601C725218A6C3BB00F817A0 /* Sources */,
				601C725318A6C3BB00F817A0 /* Frameworks */,
				601C725418A6C3BB00F817A0 /* Resources */,
			);
			buildRules = (
			);
			dependencies = (
				601C725C18A6C3BB00F817A0 /* PBXTargetDependency */,
			);
			name = TransitionExampleTests;
			productName = TransitionExampleTests;
			productReference = 601C725618A6C3BB00F817A0 /* TransitionExampleTests.xctest */;
			productType = "com.apple.product-type.bundle.unit-test";
		};
/* End PBXNativeTarget section */

/* Begin PBXProject section */
		601C722A18A6C3BB00F817A0 /* Project object */ = {
			isa = PBXProject;
			attributes = {
				CLASSPREFIX = JRT;
				LastUpgradeCheck = 0500;
				ORGANIZATIONNAME = "Command Shift";
				TargetAttributes = {
					601C725518A6C3BB00F817A0 = {
						TestTargetID = 601C723118A6C3BB00F817A0;
					};
				};
			};
			buildConfigurationList = 601C722D18A6C3BB00F817A0 /* Build configuration list for PBXProject "TransitionExample" */;
			compatibilityVersion = "Xcode 3.2";
			developmentRegion = English;
			hasScannedForEncodings = 0;
			knownRegions = (
				en,
				Base,
			);
			mainGroup = 601C722918A6C3BB00F817A0;
			productRefGroup = 601C723318A6C3BB00F817A0 /* Products */;
			projectDirPath = "";
			projectRoot = "";
			targets = (
				601C723118A6C3BB00F817A0 /* TransitionExample */,
				601C725518A6C3BB00F817A0 /* TransitionExampleTests */,
			);
		};
/* End PBXProject section */

/* Begin PBXResourcesBuildPhase section */
		601C723018A6C3BB00F817A0 /* Resources */ = {
			isa = PBXResourcesBuildPhase;
			buildActionMask = 2147483647;
			files = (
				601C725118A6C3BB00F817A0 /* Images.xcassets in Resources */,
				601C724018A6C3BB00F817A0 /* InfoPlist.strings in Resources */,
				601C724918A6C3BB00F817A0 /* Main.storyboard in Resources */,
			);
			runOnlyForDeploymentPostprocessing = 0;
		};
		601C725418A6C3BB00F817A0 /* Resources */ = {
			isa = PBXResourcesBuildPhase;
			buildActionMask = 2147483647;
			files = (
				601C726218A6C3BB00F817A0 /* InfoPlist.strings in Resources */,
			);
			runOnlyForDeploymentPostprocessing = 0;
		};
/* End PBXResourcesBuildPhase section */

/* Begin PBXSourcesBuildPhase section */
		601C722E18A6C3BB00F817A0 /* Sources */ = {
			isa = PBXSourcesBuildPhase;
			buildActionMask = 2147483647;
			files = (
				601C724218A6C3BB00F817A0 /* main.m in Sources */,
				601C724618A6C3BB00F817A0 /* JRTAppDelegate.m in Sources */,
				601C724F18A6C3BB00F817A0 /* JRTDetailViewController.m in Sources */,
				601C727218A6C7C800F817A0 /* JRTAnimationController.m in Sources */,
				601C726F18A6C42F00F817A0 /* JRTMasterCell.m in Sources */,
				601C724C18A6C3BB00F817A0 /* JRTMasterViewController.m in Sources */,
			);
			runOnlyForDeploymentPostprocessing = 0;
		};
		601C725218A6C3BB00F817A0 /* Sources */ = {
			isa = PBXSourcesBuildPhase;
			buildActionMask = 2147483647;
			files = (
				601C726418A6C3BB00F817A0 /* TransitionExampleTests.m in Sources */,
			);
			runOnlyForDeploymentPostprocessing = 0;
		};
/* End PBXSourcesBuildPhase section */

/* Begin PBXTargetDependency section */
		601C725C18A6C3BB00F817A0 /* PBXTargetDependency */ = {
			isa = PBXTargetDependency;
			target = 601C723118A6C3BB00F817A0 /* TransitionExample */;
			targetProxy = 601C725B18A6C3BB00F817A0 /* PBXContainerItemProxy */;
		};
/* End PBXTargetDependency section */

/* Begin PBXVariantGroup section */
		601C723E18A6C3BB00F817A0 /* InfoPlist.strings */ = {
			isa = PBXVariantGroup;
			children = (
				601C723F18A6C3BB00F817A0 /* en */,
			);
			name = InfoPlist.strings;
			sourceTree = "<group>";
		};
		601C724718A6C3BB00F817A0 /* Main.storyboard */ = {
			isa = PBXVariantGroup;
			children = (
				601C724818A6C3BB00F817A0 /* Base */,
			);
			name = Main.storyboard;
			sourceTree = "<group>";
		};
		601C726018A6C3BB00F817A0 /* InfoPlist.strings */ = {
			isa = PBXVariantGroup;
			children = (
				601C726118A6C3BB00F817A0 /* en */,
			);
			name = InfoPlist.strings;
			sourceTree = "<group>";
		};
/* End PBXVariantGroup section */

/* Begin XCBuildConfiguration section */
		601C726518A6C3BC00F817A0 /* Debug */ = {
			isa = XCBuildConfiguration;
			buildSettings = {
				ALWAYS_SEARCH_USER_PATHS = NO;
				ARCHS = "$(ARCHS_STANDARD_INCLUDING_64_BIT)";
				CLANG_CXX_LANGUAGE_STANDARD = "gnu++0x";
				CLANG_CXX_LIBRARY = "libc++";
				CLANG_ENABLE_MODULES = YES;
				CLANG_ENABLE_OBJC_ARC = YES;
				CLANG_WARN_BOOL_CONVERSION = YES;
				CLANG_WARN_CONSTANT_CONVERSION = YES;
				CLANG_WARN_DIRECT_OBJC_ISA_USAGE = YES_ERROR;
				CLANG_WARN_EMPTY_BODY = YES;
				CLANG_WARN_ENUM_CONVERSION = YES;
				CLANG_WARN_INT_CONVERSION = YES;
				CLANG_WARN_OBJC_ROOT_CLASS = YES_ERROR;
				CLANG_WARN__DUPLICATE_METHOD_MATCH = YES;
				"CODE_SIGN_IDENTITY[sdk=iphoneos*]" = "iPhone Developer";
				COPY_PHASE_STRIP = NO;
				GCC_C_LANGUAGE_STANDARD = gnu99;
				GCC_DYNAMIC_NO_PIC = NO;
				GCC_OPTIMIZATION_LEVEL = 0;
				GCC_PREPROCESSOR_DEFINITIONS = (
					"DEBUG=1",
					"$(inherited)",
				);
				GCC_SYMBOLS_PRIVATE_EXTERN = NO;
				GCC_WARN_64_TO_32_BIT_CONVERSION = YES;
				GCC_WARN_ABOUT_RETURN_TYPE = YES_ERROR;
				GCC_WARN_UNDECLARED_SELECTOR = YES;
				GCC_WARN_UNINITIALIZED_AUTOS = YES;
				GCC_WARN_UNUSED_FUNCTION = YES;
				GCC_WARN_UNUSED_VARIABLE = YES;
				IPHONEOS_DEPLOYMENT_TARGET = 7.0;
				ONLY_ACTIVE_ARCH = YES;
				SDKROOT = iphoneos;
			};
			name = Debug;
		};
		601C726618A6C3BC00F817A0 /* Release */ = {
			isa = XCBuildConfiguration;
			buildSettings = {
				ALWAYS_SEARCH_USER_PATHS = NO;
				ARCHS = "$(ARCHS_STANDARD_INCLUDING_64_BIT)";
				CLANG_CXX_LANGUAGE_STANDARD = "gnu++0x";
				CLANG_CXX_LIBRARY = "libc++";
				CLANG_ENABLE_MODULES = YES;
				CLANG_ENABLE_OBJC_ARC = YES;
				CLANG_WARN_BOOL_CONVERSION = YES;
				CLANG_WARN_CONSTANT_CONVERSION = YES;
				CLANG_WARN_DIRECT_OBJC_ISA_USAGE = YES_ERROR;
				CLANG_WARN_EMPTY_BODY = YES;
				CLANG_WARN_ENUM_CONVERSION = YES;
				CLANG_WARN_INT_CONVERSION = YES;
				CLANG_WARN_OBJC_ROOT_CLASS = YES_ERROR;
				CLANG_WARN__DUPLICATE_METHOD_MATCH = YES;
				"CODE_SIGN_IDENTITY[sdk=iphoneos*]" = "iPhone Developer";
				COPY_PHASE_STRIP = YES;
				ENABLE_NS_ASSERTIONS = NO;
				GCC_C_LANGUAGE_STANDARD = gnu99;
				GCC_WARN_64_TO_32_BIT_CONVERSION = YES;
				GCC_WARN_ABOUT_RETURN_TYPE = YES_ERROR;
				GCC_WARN_UNDECLARED_SELECTOR = YES;
				GCC_WARN_UNINITIALIZED_AUTOS = YES;
				GCC_WARN_UNUSED_FUNCTION = YES;
				GCC_WARN_UNUSED_VARIABLE = YES;
				IPHONEOS_DEPLOYMENT_TARGET = 7.0;
				SDKROOT = iphoneos;
				VALIDATE_PRODUCT = YES;
			};
			name = Release;
		};
		601C726818A6C3BC00F817A0 /* Debug */ = {
			isa = XCBuildConfiguration;
			buildSettings = {
				ASSETCATALOG_COMPILER_APPICON_NAME = AppIcon;
				ASSETCATALOG_COMPILER_LAUNCHIMAGE_NAME = LaunchImage;
				GCC_PRECOMPILE_PREFIX_HEADER = YES;
				GCC_PREFIX_HEADER = "TransitionExample/TransitionExample-Prefix.pch";
				INFOPLIST_FILE = "TransitionExample/TransitionExample-Info.plist";
				PRODUCT_NAME = "$(TARGET_NAME)";
				WRAPPER_EXTENSION = app;
			};
			name = Debug;
		};
		601C726918A6C3BC00F817A0 /* Release */ = {
			isa = XCBuildConfiguration;
			buildSettings = {
				ASSETCATALOG_COMPILER_APPICON_NAME = AppIcon;
				ASSETCATALOG_COMPILER_LAUNCHIMAGE_NAME = LaunchImage;
				GCC_PRECOMPILE_PREFIX_HEADER = YES;
				GCC_PREFIX_HEADER = "TransitionExample/TransitionExample-Prefix.pch";
				INFOPLIST_FILE = "TransitionExample/TransitionExample-Info.plist";
				PRODUCT_NAME = "$(TARGET_NAME)";
				WRAPPER_EXTENSION = app;
			};
			name = Release;
		};
		601C726B18A6C3BC00F817A0 /* Debug */ = {
			isa = XCBuildConfiguration;
			buildSettings = {
				ARCHS = "$(ARCHS_STANDARD_INCLUDING_64_BIT)";
				BUNDLE_LOADER = "$(BUILT_PRODUCTS_DIR)/TransitionExample.app/TransitionExample";
				FRAMEWORK_SEARCH_PATHS = (
					"$(SDKROOT)/Developer/Library/Frameworks",
					"$(inherited)",
					"$(DEVELOPER_FRAMEWORKS_DIR)",
				);
				GCC_PRECOMPILE_PREFIX_HEADER = YES;
				GCC_PREFIX_HEADER = "TransitionExample/TransitionExample-Prefix.pch";
				GCC_PREPROCESSOR_DEFINITIONS = (
					"DEBUG=1",
					"$(inherited)",
				);
				INFOPLIST_FILE = "TransitionExampleTests/TransitionExampleTests-Info.plist";
				PRODUCT_NAME = "$(TARGET_NAME)";
				TEST_HOST = "$(BUNDLE_LOADER)";
				WRAPPER_EXTENSION = xctest;
			};
			name = Debug;
		};
		601C726C18A6C3BC00F817A0 /* Release */ = {
			isa = XCBuildConfiguration;
			buildSettings = {
				ARCHS = "$(ARCHS_STANDARD_INCLUDING_64_BIT)";
				BUNDLE_LOADER = "$(BUILT_PRODUCTS_DIR)/TransitionExample.app/TransitionExample";
				FRAMEWORK_SEARCH_PATHS = (
					"$(SDKROOT)/Developer/Library/Frameworks",
					"$(inherited)",
					"$(DEVELOPER_FRAMEWORKS_DIR)",
				);
				GCC_PRECOMPILE_PREFIX_HEADER = YES;
				GCC_PREFIX_HEADER = "TransitionExample/TransitionExample-Prefix.pch";
				INFOPLIST_FILE = "TransitionExampleTests/TransitionExampleTests-Info.plist";
				PRODUCT_NAME = "$(TARGET_NAME)";
				TEST_HOST = "$(BUNDLE_LOADER)";
				WRAPPER_EXTENSION = xctest;
			};
			name = Release;
		};
/* End XCBuildConfiguration section */

/* Begin XCConfigurationList section */
		601C722D18A6C3BB00F817A0 /* Build configuration list for PBXProject "TransitionExample" */ = {
			isa = XCConfigurationList;
			buildConfigurations = (
				601C726518A6C3BC00F817A0 /* Debug */,
				601C726618A6C3BC00F817A0 /* Release */,
			);
			defaultConfigurationIsVisible = 0;
			defaultConfigurationName = Release;
		};
		601C726718A6C3BC00F817A0 /* Build configuration list for PBXNativeTarget "TransitionExample" */ = {
			isa = XCConfigurationList;
			buildConfigurations = (
				601C726818A6C3BC00F817A0 /* Debug */,
				601C726918A6C3BC00F817A0 /* Release */,
			);
			defaultConfigurationIsVisible = 0;
		};
		601C726A18A6C3BC00F817A0 /* Build configuration list for PBXNativeTarget "TransitionExampleTests" */ = {
			isa = XCConfigurationList;
			buildConfigurations = (
				601C726B18A6C3BC00F817A0 /* Debug */,
				601C726C18A6C3BC00F817A0 /* Release */,
			);
			defaultConfigurationIsVisible = 0;
		};
/* End XCConfigurationList section */
	};
	rootObject = 601C722A18A6C3BB00F817A0 /* Project object */;
}
